
Microsoft Visual Studio Solution File, Format Version 12.00
# Visual Studio Version 17
VisualStudioVersion = 17.14.36327.8
MinimumVisualStudioVersion = 10.0.40219.1
Project("{FAE04EC0-301F-11D3-BF4B-00C04F79EFBC}") = "HW1", "HW1\HW1.csproj", "{193D382E-DE0A-41B4-ABAE-38D5E7A89CB2}"
EndProject
Project("{FAE04EC0-301F-11D3-BF4B-00C04F79EFBC}") = "HW3", "HW3\HW3.csproj", "{5D3BB0ED-325F-453B-8755-9549A89EE557}"
EndProject
Global
	GlobalSection(SolutionConfigurationPlatforms) = preSolution
		Debug|Any CPU = Debug|Any CPU
		Release|Any CPU = Release|Any CPU
	EndGlobalSection
	GlobalSection(ProjectConfigurationPlatforms) = postSolution
		{193D382E-DE0A-41B4-ABAE-38D5E7A89CB2}.Debug|Any CPU.ActiveCfg = Debug|Any CPU
		{193D382E-DE0A-41B4-ABAE-38D5E7A89CB2}.Debug|Any CPU.Build.0 = Debug|Any CPU
		{193D382E-DE0A-41B4-ABAE-38D5E7A89CB2}.Release|Any CPU.ActiveCfg = Release|Any CPU
		{193D382E-DE0A-41B4-ABAE-38D5E7A89CB2}.Release|Any CPU.Build.0 = Release|Any CPU
		{5D3BB0ED-325F-453B-8755-9549A89EE557}.Debug|Any CPU.ActiveCfg = Debug|Any CPU
		{5D3BB0ED-325F-453B-8755-9549A89EE557}.Debug|Any CPU.Build.0 = Debug|Any CPU
		{5D3BB0ED-325F-453B-8755-9549A89EE557}.Release|Any CPU.ActiveCfg = Release|Any CPU
		{5D3BB0ED-325F-453B-8755-9549A89EE557}.Release|Any CPU.Build.0 = Release|Any CPU
	EndGlobalSection
	GlobalSection(SolutionProperties) = preSolution
		HideSolutionNode = FALSE
	EndGlobalSection
	GlobalSection(ExtensibilityGlobals) = postSolution
		SolutionGuid = {BD25CCD9-9844-4065-ADCA-700F6450D747}
	EndGlobalSection
EndGlobal
